<?xml version="1.0" encoding="utf-8"?>
<Project ToolsVersion="4.0" xmlns="http://schemas.microsoft.com/developer/msbuild/2003">
  <ItemGroup>
    <Filter Include="src">
      <UniqueIdentifier>{4FC737F1-C7A5-4376-A066-2A32D752A2FF}</UniqueIdentifier>
      <Extensions>cpp;c;cc;cxx;def;odl;idl;hpj;bat;asm;asmx</Extensions>
    </Filter>
    <Filter Include="imgui">
      <UniqueIdentifier>{d2420be3-c2b8-456a-901a-7c7e641fdf05}</UniqueIdentifier>
    </Filter>
    <Filter Include="imgui\examples">
      <UniqueIdentifier>{135aa6d4-b902-4146-9cd0-30f1f15ced16}</UniqueIdentifier>
    </Filter>
    <Filter Include="shaders">
      <UniqueIdentifier>{9d1aa265-aba9-48c1-98b1-df45244f477a}</UniqueIdentifier>
    </Filter>
  </ItemGroup>
  <ItemGroup>
    <ClCompile Include="..\libs\imgui\examples\imgui_impl_glfw.cpp">
      <Filter>imgui\examples</Filter>
    </ClCompile>
    <ClCompile Include="..\libs\imgui\imgui.cpp">
      <Filter>imgui</Filter>
    </ClCompile>
    <ClCompile Include="..\libs\imgui\imgui_demo.cpp">
      <Filter>imgui</Filter>
    </ClCompile>
    <ClCompile Include="..\libs\imgui\imgui_draw.cpp">
      <Filter>imgui</Filter>
    </ClCompile>
    <ClCompile Include="..\libs\imgui\imgui_widgets.cpp">
      <Filter>imgui</Filter>
    </ClCompile>
    <ClCompile Include="..\libs\imgui\examples\imgui_impl_vulkan.cpp">
      <Filter>imgui\examples</Filter>
    </ClCompile>
    <ClCompile Include="..\app\App.cpp">
      <Filter>src</Filter>
    </ClCompile>
    <ClCompile Include="..\app\main.cpp">
      <Filter>src</Filter>
    </ClCompile>
    <ClCompile Include="..\app\VulkanContext.cpp">
      <Filter>src</Filter>
    </ClCompile>
    <ClCompile Include="..\app\VulkanFrameManager.cpp">
      <Filter>src</Filter>
    </ClCompile>
    <ClCompile Include="..\app\VulkanResources.cpp">
      <Filter>src</Filter>
    </ClCompile>
    <ClCompile Include="..\app\RenderTextureManager.cpp">
      <Filter>src</Filter>
    </ClCompile>
    <ClCompile Include="..\app\ImGuiRenderer.cpp">
      <Filter>src</Filter>
    </ClCompile>
    <ClCompile Include="..\app\Raycaster.cpp">
      <Filter>src</Filter>
    </ClCompile>
    <ClCompile Include="..\app\RenderOutlines.cpp">
      <Filter>src</Filter>
    </ClCompile>
    <ClCompile Include="..\app\RenderTangents.cpp">
      <Filter>src</Filter>
    </ClCompile>
    <ClCompile Include="..\app\RenderSolid.cpp">
      <Filter>src</Filter>
    </ClCompile>
    <ClCompile Include="..\app\RenderNormals.cpp">
      <Filter>src</Filter>
    </ClCompile>
    <ClCompile Include="..\app\RenderSolidMS.cpp">
      <Filter>src</Filter>
    </ClCompile>
  </ItemGroup>
  <ItemGroup>
    <ClInclude Include="..\libs\imgui\examples\imgui_impl_glfw.h">
      <Filter>imgui\examples</Filter>
    </ClInclude>
    <ClInclude Include="..\libs\imgui\imconfig.h">
      <Filter>imgui</Filter>
    </ClInclude>
    <ClInclude Include="..\libs\imgui\imgui.h">
      <Filter>imgui</Filter>
    </ClInclude>
    <ClInclude Include="..\libs\imgui\imgui_internal.h">
      <Filter>imgui</Filter>
    </ClInclude>
    <ClInclude Include="..\libs\imgui\imstb_rectpack.h">
      <Filter>imgui</Filter>
    </ClInclude>
    <ClInclude Include="..\libs\imgui\imstb_textedit.h">
      <Filter>imgui</Filter>
    </ClInclude>
    <ClInclude Include="..\libs\imgui\imstb_truetype.h">
      <Filter>imgui</Filter>
    </ClInclude>
    <ClInclude Include="..\libs\imgui\examples\imgui_impl_vulkan.h">
      <Filter>imgui\examples</Filter>
    </ClInclude>
    <ClInclude Include="..\app\App.h">
      <Filter>src</Filter>
    </ClInclude>
    <ClInclude Include="..\app\VulkanContext.h">
      <Filter>src</Filter>
    </ClInclude>
    <ClInclude Include="..\app\VulkanFrameManager.h">
      <Filter>src</Filter>
    </ClInclude>
    <ClInclude Include="..\app\VulkanResources.h">
      <Filter>src</Filter>
    </ClInclude>
    <ClInclude Include="..\app\RenderTextureManager.h">
      <Filter>src</Filter>
    </ClInclude>
    <ClInclude Include="..\app\RenderResource.h">
      <Filter>src</Filter>
    </ClInclude>
    <ClInclude Include="..\app\ImGuiRenderer.h">
      <Filter>src</Filter>
    </ClInclude>
    <ClInclude Include="..\app\Raycaster.h">
      <Filter>src</Filter>
    </ClInclude>
    <ClInclude Include="..\shaders\raytrace.binding.h">
      <Filter>shaders</Filter>
    </ClInclude>
    <ClInclude Include="..\app\RenderOutlines.h">
      <Filter>src</Filter>
    </ClInclude>
    <ClInclude Include="..\app\RenderTangents.h">
      <Filter>src</Filter>
    </ClInclude>
    <ClInclude Include="..\app\RenderSolid.h">
      <Filter>src</Filter>
    </ClInclude>
    <ClInclude Include="..\app\RenderNormals.h">
      <Filter>src</Filter>
    </ClInclude>
    <ClInclude Include="..\app\RenderSolidMS.h">
      <Filter>src</Filter>
    </ClInclude>
  </ItemGroup>
  <ItemGroup>
    <CustomBuild Include="..\shaders\vanillaVS.glsl">
      <Filter>shaders</Filter>
    </CustomBuild>
    <CustomBuild Include="..\shaders\vanillaPS.glsl">
      <Filter>shaders</Filter>
    </CustomBuild>
    <CustomBuild Include="..\shaders\flatVS.glsl">
      <Filter>shaders</Filter>
    </CustomBuild>
    <CustomBuild Include="..\shaders\flatPS.glsl">
      <Filter>shaders</Filter>
    </CustomBuild>
    <CustomBuild Include="..\shaders\texturedPS.glsl">
      <Filter>shaders</Filter>
    </CustomBuild>
    <CustomBuild Include="..\shaders\raytrace.rgen.glsl">
      <Filter>shaders</Filter>
    </CustomBuild>
    <CustomBuild Include="..\shaders\raytrace.rchit.glsl">
      <Filter>shaders</Filter>
    </CustomBuild>
    <CustomBuild Include="..\shaders\raytrace.rmiss.glsl">
      <Filter>shaders</Filter>
    </CustomBuild>
    <CustomBuild Include="..\shaders\raytrace.rahit.glsl">
      <Filter>shaders</Filter>
    </CustomBuild>
    <CustomBuild Include="..\shaders\coordSysVS.glsl">
      <Filter>shaders</Filter>
    </CustomBuild>
    <CustomBuild Include="..\shaders\solid.vert">
      <Filter>shaders</Filter>
    </CustomBuild>
    <CustomBuild Include="..\shaders\normals.vert">
      <Filter>shaders</Filter>
    </CustomBuild>
  </ItemGroup>
  <ItemGroup>
    <None Include="..\shaders\raytrace.common.glsl">
      <Filter>shaders</Filter>
    </None>
  </ItemGroup>
</Project>