<?xml version="1.0" encoding="utf-8"?>
<Project ToolsVersion="4.0" xmlns="http://schemas.microsoft.com/developer/msbuild/2003">
  <ItemGroup>
    <Filter Include="src">
      <UniqueIdentifier>{4FC737F1-C7A5-4376-A066-2A32D752A2FF}</UniqueIdentifier>
      <Extensions>cpp;c;cc;cxx;def;odl;idl;hpj;bat;asm;asmx</Extensions>
    </Filter>
    <Filter Include="src\mem">
      <UniqueIdentifier>{5a472d31-bf2b-4726-a4c1-2071036cddf9}</UniqueIdentifier>
    </Filter>
    <Filter Include="src\adt">
      <UniqueIdentifier>{4ad5e6a3-7922-4e4e-bc62-2ddd5e3c0bfa}</UniqueIdentifier>
    </Filter>
  </ItemGroup>
  <ItemGroup>
    <ClCompile Include="..\core\Common.cpp">
      <Filter>src</Filter>
    </ClCompile>
    <ClCompile Include="..\core\HandlePicking.cpp">
      <Filter>src</Filter>
    </ClCompile>
    <ClCompile Include="..\core\LinAlgOps.cpp">
      <Filter>src</Filter>
    </ClCompile>
    <ClCompile Include="..\core\Mesh.cpp">
      <Filter>src</Filter>
    </ClCompile>
    <ClCompile Include="..\core\ObjReader.cpp">
      <Filter>src</Filter>
    </ClCompile>
    <ClCompile Include="..\core\ResourceManager.cpp">
      <Filter>src</Filter>
    </ClCompile>
    <ClCompile Include="..\core\Viewer.cpp">
      <Filter>src</Filter>
    </ClCompile>
    <ClCompile Include="..\core\Tasks.cpp">
      <Filter>src</Filter>
    </ClCompile>
    <ClCompile Include="..\core\mem\Arena.cpp">
      <Filter>src\mem</Filter>
    </ClCompile>
    <ClCompile Include="..\core\mem\Pool.cpp">
      <Filter>src\mem</Filter>
    </ClCompile>
    <ClCompile Include="..\core\mem\Allocators.cpp">
      <Filter>src\mem</Filter>
    </ClCompile>
    <ClCompile Include="..\core\adt\KeyedHeap.cpp">
      <Filter>src\adt</Filter>
    </ClCompile>
  </ItemGroup>
  <ItemGroup>
    <ClInclude Include="..\core\Common.h">
      <Filter>src</Filter>
    </ClInclude>
    <ClInclude Include="..\core\HandlePicking.h">
      <Filter>src</Filter>
    </ClInclude>
    <ClInclude Include="..\core\LinAlg.h">
      <Filter>src</Filter>
    </ClInclude>
    <ClInclude Include="..\core\LinAlgOps.h">
      <Filter>src</Filter>
    </ClInclude>
    <ClInclude Include="..\core\Mesh.h">
      <Filter>src</Filter>
    </ClInclude>
    <ClInclude Include="..\core\ResourceManager.h">
      <Filter>src</Filter>
    </ClInclude>
    <ClInclude Include="..\core\Viewer.h">
      <Filter>src</Filter>
    </ClInclude>
    <ClInclude Include="..\core\mem\Allocators.h">
      <Filter>src\mem</Filter>
    </ClInclude>
    <ClInclude Include="..\core\adt\KeyedHeap.h">
      <Filter>src\adt</Filter>
    </ClInclude>
  </ItemGroup>
</Project>