<?xml version="1.0" encoding="utf-8"?>
<Project ToolsVersion="4.0" xmlns="http://schemas.microsoft.com/developer/msbuild/2003">
  <ItemGroup>
    <Filter Include="src">
      <UniqueIdentifier>{4FC737F1-C7A5-4376-A066-2A32D752A2FF}</UniqueIdentifier>
      <Extensions>cpp;c;cc;cxx;def;odl;idl;hpj;bat;asm;asmx</Extensions>
    </Filter>
    <Filter Include="src\mem">
      <UniqueIdentifier>{5a472d31-bf2b-4726-a4c1-2071036cddf9}</UniqueIdentifier>
    </Filter>
    <Filter Include="src\adt">
      <UniqueIdentifier>{4ad5e6a3-7922-4e4e-bc62-2ddd5e3c0bfa}</UniqueIdentifier>
    </Filter>
    <Filter Include="src\topo">
      <UniqueIdentifier>{32940f34-07f7-4cf7-8b06-35264b0e5bc0}</UniqueIdentifier>
    </Filter>
    <Filter Include="src\spatial">
      <UniqueIdentifier>{c1e540f9-b8ae-405f-8ba6-212f414ffb7c}</UniqueIdentifier>
    </Filter>
  </ItemGroup>
  <ItemGroup>
    <ClCompile Include="..\core\Common.cpp">
      <Filter>src</Filter>
    </ClCompile>
    <ClCompile Include="..\core\HandlePicking.cpp">
      <Filter>src</Filter>
    </ClCompile>
    <ClCompile Include="..\core\LinAlgOps.cpp">
      <Filter>src</Filter>
    </ClCompile>
    <ClCompile Include="..\core\Mesh.cpp">
      <Filter>src</Filter>
    </ClCompile>
    <ClCompile Include="..\core\ObjReader.cpp">
      <Filter>src</Filter>
    </ClCompile>
    <ClCompile Include="..\core\ResourceManager.cpp">
      <Filter>src</Filter>
    </ClCompile>
    <ClCompile Include="..\core\Viewer.cpp">
      <Filter>src</Filter>
    </ClCompile>
    <ClCompile Include="..\core\Tasks.cpp">
      <Filter>src</Filter>
    </ClCompile>
    <ClCompile Include="..\core\mem\Arena.cpp">
      <Filter>src\mem</Filter>
    </ClCompile>
    <ClCompile Include="..\core\mem\Pool.cpp">
      <Filter>src\mem</Filter>
    </ClCompile>
    <ClCompile Include="..\core\mem\Allocators.cpp">
      <Filter>src\mem</Filter>
    </ClCompile>
    <ClCompile Include="..\core\adt\KeyedHeap.cpp">
      <Filter>src\adt</Filter>
    </ClCompile>
    <ClCompile Include="..\core\topo\HalfEdgeMesh.cpp">
      <Filter>src\topo</Filter>
    </ClCompile>
    <ClCompile Include="..\core\spatial\R3PointKdTree.cpp">
      <Filter>src\spatial</Filter>
    </ClCompile>
    <ClCompile Include="..\core\MeshIndexing.cpp">
      <Filter>src</Filter>
    </ClCompile>
    <ClCompile Include="..\core\VertexCache.cpp">
      <Filter>src</Filter>
    </ClCompile>
    <ClCompile Include="..\core\Bounds.cpp">
      <Filter>src</Filter>
    </ClCompile>
  </ItemGroup>
  <ItemGroup>
    <ClInclude Include="..\core\Common.h">
      <Filter>src</Filter>
    </ClInclude>
    <ClInclude Include="..\core\HandlePicking.h">
      <Filter>src</Filter>
    </ClInclude>
    <ClInclude Include="..\core\LinAlg.h">
      <Filter>src</Filter>
    </ClInclude>
    <ClInclude Include="..\core\LinAlgOps.h">
      <Filter>src</Filter>
    </ClInclude>
    <ClInclude Include="..\core\Mesh.h">
      <Filter>src</Filter>
    </ClInclude>
    <ClInclude Include="..\core\ResourceManager.h">
      <Filter>src</Filter>
    </ClInclude>
    <ClInclude Include="..\core\Viewer.h">
      <Filter>src</Filter>
    </ClInclude>
    <ClInclude Include="..\core\mem\Allocators.h">
      <Filter>src\mem</Filter>
    </ClInclude>
    <ClInclude Include="..\core\adt\KeyedHeap.h">
      <Filter>src\adt</Filter>
    </ClInclude>
    <ClInclude Include="..\core\topo\HalfEdgeMesh.h">
      <Filter>src\topo</Filter>
    </ClInclude>
    <ClInclude Include="..\core\spatial\R3PointKdTree.h">
      <Filter>src\spatial</Filter>
    </ClInclude>
    <ClInclude Include="..\core\MeshIndexing.h">
      <Filter>src</Filter>
    </ClInclude>
    <ClInclude Include="..\core\Half.h">
      <Filter>src\topo</Filter>
    </ClInclude>
    <ClInclude Include="..\core\VertexCache.h">
      <Filter>src</Filter>
    </ClInclude>
    <ClInclude Include="..\core\Tasks.h">
      <Filter>src</Filter>
    </ClInclude>
    <ClInclude Include="..\core\Bounds.h">
      <Filter>src</Filter>
    </ClInclude>
  </ItemGroup>
  <ItemGroup>
    <Natvis Include="..\core\core.natvis" />
  </ItemGroup>
</Project>