<?xml version="1.0" encoding="utf-8"?>
<Project ToolsVersion="4.0" xmlns="http://schemas.microsoft.com/developer/msbuild/2003">
  <ItemGroup>
    <Filter Include="src">
      <UniqueIdentifier>{4FC737F1-C7A5-4376-A066-2A32D752A2FF}</UniqueIdentifier>
      <Extensions>cpp;c;cc;cxx;def;odl;idl;hpj;bat;asm;asmx</Extensions>
    </Filter>
    <Filter Include="imgui">
      <UniqueIdentifier>{d2420be3-c2b8-456a-901a-7c7e641fdf05}</UniqueIdentifier>
    </Filter>
    <Filter Include="imgui\examples">
      <UniqueIdentifier>{135aa6d4-b902-4146-9cd0-30f1f15ced16}</UniqueIdentifier>
    </Filter>
  </ItemGroup>
  <ItemGroup>
    <ClCompile Include="..\src\main.cpp">
      <Filter>src</Filter>
    </ClCompile>
    <ClCompile Include="..\src\LinAlgOps.cpp">
      <Filter>src</Filter>
    </ClCompile>
    <ClCompile Include="..\src\Viewer.cpp">
      <Filter>src</Filter>
    </ClCompile>
    <ClCompile Include="..\libs\imgui\examples\imgui_impl_glfw.cpp">
      <Filter>imgui\examples</Filter>
    </ClCompile>
    <ClCompile Include="..\libs\imgui\imgui.cpp">
      <Filter>imgui</Filter>
    </ClCompile>
    <ClCompile Include="..\libs\imgui\imgui_demo.cpp">
      <Filter>imgui</Filter>
    </ClCompile>
    <ClCompile Include="..\libs\imgui\imgui_draw.cpp">
      <Filter>imgui</Filter>
    </ClCompile>
    <ClCompile Include="..\libs\imgui\imgui_widgets.cpp">
      <Filter>imgui</Filter>
    </ClCompile>
    <ClCompile Include="..\libs\imgui\examples\imgui_impl_opengl2.cpp">
      <Filter>imgui\examples</Filter>
    </ClCompile>
  </ItemGroup>
  <ItemGroup>
    <ClInclude Include="..\src\LinAlg.h">
      <Filter>src</Filter>
    </ClInclude>
    <ClInclude Include="..\src\LinAlgOps.h">
      <Filter>src</Filter>
    </ClInclude>
    <ClInclude Include="..\src\Viewer.h">
      <Filter>src</Filter>
    </ClInclude>
    <ClInclude Include="..\libs\imgui\examples\imgui_impl_glfw.h">
      <Filter>imgui\examples</Filter>
    </ClInclude>
    <ClInclude Include="..\libs\imgui\imconfig.h">
      <Filter>imgui</Filter>
    </ClInclude>
    <ClInclude Include="..\libs\imgui\imgui.h">
      <Filter>imgui</Filter>
    </ClInclude>
    <ClInclude Include="..\libs\imgui\imgui_internal.h">
      <Filter>imgui</Filter>
    </ClInclude>
    <ClInclude Include="..\libs\imgui\imstb_rectpack.h">
      <Filter>imgui</Filter>
    </ClInclude>
    <ClInclude Include="..\libs\imgui\imstb_textedit.h">
      <Filter>imgui</Filter>
    </ClInclude>
    <ClInclude Include="..\libs\imgui\imstb_truetype.h">
      <Filter>imgui</Filter>
    </ClInclude>
    <ClInclude Include="..\libs\imgui\examples\imgui_impl_opengl2.h">
      <Filter>imgui\examples</Filter>
    </ClInclude>
  </ItemGroup>
</Project>